
Microsoft Visual Studio Solution File, Format Version 12.00
# Visual Studio Version 17
VisualStudioVersion = 17.12.35506.116
MinimumVisualStudioVersion = 10.0.40219.1
Project("{FAE04EC0-301F-11D3-BF4B-00C04F79EFBC}") = "Data", "Data\Data.csproj", "{D689F72C-AD5A-4670-B87D-A1B4BE65614B}"
EndProject
Project("{FAE04EC0-301F-11D3-BF4B-00C04F79EFBC}") = "Tests", "Tests\Tests.csproj", "{5DC0F95D-622A-453E-9582-84D78A759FC0}"
EndProject
Project("{FAE04EC0-301F-11D3-BF4B-00C04F79EFBC}") = "Business", "Business\Business.csproj", "{8D4242F5-FB8C-425C-B6EF-1973E462C251}"
EndProject
Project("{FAE04EC0-301F-11D3-BF4B-00C04F79EFBC}") = "Presentation_WPF_MainApplication", "Presentation_WPF_MainApplication\Presentation_WPF_MainApplication.csproj", "{8DFD4BC8-84F4-424A-B242-8E5E773B759C}"
EndProject
Global
	GlobalSection(SolutionConfigurationPlatforms) = preSolution
		Debug|Any CPU = Debug|Any CPU
		Release|Any CPU = Release|Any CPU
	EndGlobalSection
	GlobalSection(ProjectConfigurationPlatforms) = postSolution
		{D689F72C-AD5A-4670-B87D-A1B4BE65614B}.Debug|Any CPU.ActiveCfg = Debug|Any CPU
		{D689F72C-AD5A-4670-B87D-A1B4BE65614B}.Debug|Any CPU.Build.0 = Debug|Any CPU
		{D689F72C-AD5A-4670-B87D-A1B4BE65614B}.Release|Any CPU.ActiveCfg = Release|Any CPU
		{D689F72C-AD5A-4670-B87D-A1B4BE65614B}.Release|Any CPU.Build.0 = Release|Any CPU
		{5DC0F95D-622A-453E-9582-84D78A759FC0}.Debug|Any CPU.ActiveCfg = Debug|Any CPU
		{5DC0F95D-622A-453E-9582-84D78A759FC0}.Debug|Any CPU.Build.0 = Debug|Any CPU
		{5DC0F95D-622A-453E-9582-84D78A759FC0}.Release|Any CPU.ActiveCfg = Release|Any CPU
		{5DC0F95D-622A-453E-9582-84D78A759FC0}.Release|Any CPU.Build.0 = Release|Any CPU
		{8D4242F5-FB8C-425C-B6EF-1973E462C251}.Debug|Any CPU.ActiveCfg = Debug|Any CPU
		{8D4242F5-FB8C-425C-B6EF-1973E462C251}.Debug|Any CPU.Build.0 = Debug|Any CPU
		{8D4242F5-FB8C-425C-B6EF-1973E462C251}.Release|Any CPU.ActiveCfg = Release|Any CPU
		{8D4242F5-FB8C-425C-B6EF-1973E462C251}.Release|Any CPU.Build.0 = Release|Any CPU
		{8DFD4BC8-84F4-424A-B242-8E5E773B759C}.Debug|Any CPU.ActiveCfg = Debug|Any CPU
		{8DFD4BC8-84F4-424A-B242-8E5E773B759C}.Debug|Any CPU.Build.0 = Debug|Any CPU
		{8DFD4BC8-84F4-424A-B242-8E5E773B759C}.Release|Any CPU.ActiveCfg = Release|Any CPU
		{8DFD4BC8-84F4-424A-B242-8E5E773B759C}.Release|Any CPU.Build.0 = Release|Any CPU
	EndGlobalSection
	GlobalSection(SolutionProperties) = preSolution
		HideSolutionNode = FALSE
	EndGlobalSection
EndGlobal
